
Microsoft Visual Studio Solution File, Format Version 12.00
# Visual Studio 2012
Project("{FAE04EC0-301F-11D3-BF4B-00C04F79EFBC}") = "ReflectionExtensions", "ReflectionExtensions\ReflectionExtensions.csproj", "{00F93329-91F2-463C-B952-6FDD219A4158}"
EndProject
Project("{FAE04EC0-301F-11D3-BF4B-00C04F79EFBC}") = "ReflectionExtensions.Tests", "ReflectionExtensions.Tests\ReflectionExtensions.Tests.csproj", "{F56A9046-6F80-465F-B452-D34429210034}"
EndProject
Project("{2150E333-8FDC-42A3-9474-1A3956D46DE8}") = ".nuget", ".nuget", "{F25A0B79-D4E6-4997-9A14-641AC28AD46A}"
	ProjectSection(SolutionItems) = preProject
		.nuget\NuGet.Config = .nuget\NuGet.Config
		.nuget\NuGet.exe = .nuget\NuGet.exe
		.nuget\NuGet.targets = .nuget\NuGet.targets
	EndProjectSection
EndProject
Global
	GlobalSection(SolutionConfigurationPlatforms) = preSolution
		Debug|Any CPU = Debug|Any CPU
		Release|Any CPU = Release|Any CPU
	EndGlobalSection
	GlobalSection(ProjectConfigurationPlatforms) = postSolution
		{00F93329-91F2-463C-B952-6FDD219A4158}.Debug|Any CPU.ActiveCfg = Debug|Any CPU
		{00F93329-91F2-463C-B952-6FDD219A4158}.Debug|Any CPU.Build.0 = Debug|Any CPU
		{00F93329-91F2-463C-B952-6FDD219A4158}.Release|Any CPU.ActiveCfg = Release|Any CPU
		{00F93329-91F2-463C-B952-6FDD219A4158}.Release|Any CPU.Build.0 = Release|Any CPU
		{F56A9046-6F80-465F-B452-D34429210034}.Debug|Any CPU.ActiveCfg = Debug|Any CPU
		{F56A9046-6F80-465F-B452-D34429210034}.Debug|Any CPU.Build.0 = Debug|Any CPU
		{F56A9046-6F80-465F-B452-D34429210034}.Release|Any CPU.ActiveCfg = Release|Any CPU
		{F56A9046-6F80-465F-B452-D34429210034}.Release|Any CPU.Build.0 = Release|Any CPU
	EndGlobalSection
	GlobalSection(SolutionProperties) = preSolution
		HideSolutionNode = FALSE
	EndGlobalSection
EndGlobal
